
Microsoft Visual Studio Solution File, Format Version 12.00
# Visual Studio Version 17
VisualStudioVersion = 17.0.31903.59
MinimumVisualStudioVersion = 10.0.40219.1
Project("{9A19103F-16F7-4668-BE54-9A1E7A4F7556}") = "Giserver", "src\Giserver\Giserver.csproj", "{7F5ADC81-C5F7-4B8A-8135-65C7F896D853}"
EndProject
Project("{2150E333-8FDC-42A3-9474-1A3956D46DE8}") = "libs", "libs", "{BF7B1805-A57C-4F1D-9D22-7861EF80637E}"
	ProjectSection(SolutionItems) = preProject
		libs\Directory.Build.props = libs\Directory.Build.props
	EndProjectSection
EndProject
Project("{9A19103F-16F7-4668-BE54-9A1E7A4F7556}") = "Giserver.GeoQuery", "libs\Giserver.GeoQuery\Giserver.GeoQuery.csproj", "{94C0A37A-6ED0-4B0A-B2FA-C528F3193A48}"
EndProject
Project("{9A19103F-16F7-4668-BE54-9A1E7A4F7556}") = "Giserver.Mark.Abstractions", "libs\Giserver.Mark.Abstractions\Giserver.Mark.Abstractions.csproj", "{645AD8BA-C033-4249-9AF0-F36DA5A799C1}"
EndProject
Project("{9A19103F-16F7-4668-BE54-9A1E7A4F7556}") = "Giserver.Mark.EFCore", "libs\Giserver.Mark.EFCore\Giserver.Mark.EFCore.csproj", "{526A2B7F-35FB-4955-BE14-8C2C987A105D}"
EndProject
Project("{9A19103F-16F7-4668-BE54-9A1E7A4F7556}") = "Giserver.NetTopologySuite", "libs\Giserver.NetTopologySuite\Giserver.NetTopologySuite.csproj", "{DA90FA76-A99E-4FDD-BEA2-90574EDDE42E}"
EndProject
Project("{9A19103F-16F7-4668-BE54-9A1E7A4F7556}") = "Giserver.NetTopologySuite.Swagger.NSwag", "libs\Giserver.NetTopologySuite.Swagger.NSwag\Giserver.NetTopologySuite.Swagger.NSwag.csproj", "{80C9ED29-B5BE-4F2C-A3B7-4DD410F7EEA1}"
EndProject
Project("{9A19103F-16F7-4668-BE54-9A1E7A4F7556}") = "Giserver.NetTopologySuite.Swagger.Swashbuckle", "libs\Giserver.NetTopologySuite.Swagger.Swashbuckle\Giserver.NetTopologySuite.Swagger.Swashbuckle.csproj", "{D32BE05A-3366-4CFC-9FFA-B0D1DF1C4D43}"
EndProject
Project("{2150E333-8FDC-42A3-9474-1A3956D46DE8}") = "src", "src", "{463D8BDD-641E-43EF-9D9E-C048E42E4F1D}"
EndProject
Project("{2150E333-8FDC-42A3-9474-1A3956D46DE8}") = "tests", "tests", "{21081424-D5F5-4371-B902-5E6100AF8B0E}"
EndProject
Project("{2150E333-8FDC-42A3-9474-1A3956D46DE8}") = "Solution Items", "Solution Items", "{9BA32C74-7B25-4DE2-AEDF-8A4C5970807A}"
	ProjectSection(SolutionItems) = preProject
		README.md = README.md
		README.ZH.md = README.ZH.md
	EndProjectSection
EndProject
Project("{9A19103F-16F7-4668-BE54-9A1E7A4F7556}") = "Giserver.CAD", "libs\Giserver.CAD\Giserver.CAD.csproj", "{22A291BF-BF41-4FCE-9AC3-8CE120E51E9A}"
EndProject
Project("{9A19103F-16F7-4668-BE54-9A1E7A4F7556}") = "UnitTest.Giserver.CAD", "test\UnitTest.Giserver.CAD\UnitTest.Giserver.CAD.csproj", "{477DFB60-30F1-4DCC-AD4B-5E215AAE85D7}"
EndProject
Project("{9A19103F-16F7-4668-BE54-9A1E7A4F7556}") = "UnitTest.Giserver.GeoQuery", "test\UnitTest.Giserver.GeoQuery\UnitTest.Giserver.GeoQuery.csproj", "{ED1CD225-E24A-4D28-A9E3-15F8830AFF76}"
EndProject
Global
	GlobalSection(SolutionConfigurationPlatforms) = preSolution
		Debug|Any CPU = Debug|Any CPU
		Release|Any CPU = Release|Any CPU
	EndGlobalSection
	GlobalSection(ProjectConfigurationPlatforms) = postSolution
		{7F5ADC81-C5F7-4B8A-8135-65C7F896D853}.Debug|Any CPU.ActiveCfg = Debug|Any CPU
		{7F5ADC81-C5F7-4B8A-8135-65C7F896D853}.Debug|Any CPU.Build.0 = Debug|Any CPU
		{7F5ADC81-C5F7-4B8A-8135-65C7F896D853}.Release|Any CPU.ActiveCfg = Release|Any CPU
		{7F5ADC81-C5F7-4B8A-8135-65C7F896D853}.Release|Any CPU.Build.0 = Release|Any CPU
		{94C0A37A-6ED0-4B0A-B2FA-C528F3193A48}.Debug|Any CPU.ActiveCfg = Debug|Any CPU
		{94C0A37A-6ED0-4B0A-B2FA-C528F3193A48}.Debug|Any CPU.Build.0 = Debug|Any CPU
		{94C0A37A-6ED0-4B0A-B2FA-C528F3193A48}.Release|Any CPU.ActiveCfg = Release|Any CPU
		{94C0A37A-6ED0-4B0A-B2FA-C528F3193A48}.Release|Any CPU.Build.0 = Release|Any CPU
		{645AD8BA-C033-4249-9AF0-F36DA5A799C1}.Debug|Any CPU.ActiveCfg = Debug|Any CPU
		{645AD8BA-C033-4249-9AF0-F36DA5A799C1}.Debug|Any CPU.Build.0 = Debug|Any CPU
		{645AD8BA-C033-4249-9AF0-F36DA5A799C1}.Release|Any CPU.ActiveCfg = Release|Any CPU
		{645AD8BA-C033-4249-9AF0-F36DA5A799C1}.Release|Any CPU.Build.0 = Release|Any CPU
		{526A2B7F-35FB-4955-BE14-8C2C987A105D}.Debug|Any CPU.ActiveCfg = Debug|Any CPU
		{526A2B7F-35FB-4955-BE14-8C2C987A105D}.Debug|Any CPU.Build.0 = Debug|Any CPU
		{526A2B7F-35FB-4955-BE14-8C2C987A105D}.Release|Any CPU.ActiveCfg = Release|Any CPU
		{526A2B7F-35FB-4955-BE14-8C2C987A105D}.Release|Any CPU.Build.0 = Release|Any CPU
		{DA90FA76-A99E-4FDD-BEA2-90574EDDE42E}.Debug|Any CPU.ActiveCfg = Debug|Any CPU
		{DA90FA76-A99E-4FDD-BEA2-90574EDDE42E}.Debug|Any CPU.Build.0 = Debug|Any CPU
		{DA90FA76-A99E-4FDD-BEA2-90574EDDE42E}.Release|Any CPU.ActiveCfg = Release|Any CPU
		{DA90FA76-A99E-4FDD-BEA2-90574EDDE42E}.Release|Any CPU.Build.0 = Release|Any CPU
		{80C9ED29-B5BE-4F2C-A3B7-4DD410F7EEA1}.Debug|Any CPU.ActiveCfg = Debug|Any CPU
		{80C9ED29-B5BE-4F2C-A3B7-4DD410F7EEA1}.Debug|Any CPU.Build.0 = Debug|Any CPU
		{80C9ED29-B5BE-4F2C-A3B7-4DD410F7EEA1}.Release|Any CPU.ActiveCfg = Release|Any CPU
		{80C9ED29-B5BE-4F2C-A3B7-4DD410F7EEA1}.Release|Any CPU.Build.0 = Release|Any CPU
		{D32BE05A-3366-4CFC-9FFA-B0D1DF1C4D43}.Debug|Any CPU.ActiveCfg = Debug|Any CPU
		{D32BE05A-3366-4CFC-9FFA-B0D1DF1C4D43}.Debug|Any CPU.Build.0 = Debug|Any CPU
		{D32BE05A-3366-4CFC-9FFA-B0D1DF1C4D43}.Release|Any CPU.ActiveCfg = Release|Any CPU
		{D32BE05A-3366-4CFC-9FFA-B0D1DF1C4D43}.Release|Any CPU.Build.0 = Release|Any CPU
		{22A291BF-BF41-4FCE-9AC3-8CE120E51E9A}.Debug|Any CPU.ActiveCfg = Debug|Any CPU
		{22A291BF-BF41-4FCE-9AC3-8CE120E51E9A}.Debug|Any CPU.Build.0 = Debug|Any CPU
		{22A291BF-BF41-4FCE-9AC3-8CE120E51E9A}.Release|Any CPU.ActiveCfg = Release|Any CPU
		{22A291BF-BF41-4FCE-9AC3-8CE120E51E9A}.Release|Any CPU.Build.0 = Release|Any CPU
		{477DFB60-30F1-4DCC-AD4B-5E215AAE85D7}.Debug|Any CPU.ActiveCfg = Debug|Any CPU
		{477DFB60-30F1-4DCC-AD4B-5E215AAE85D7}.Debug|Any CPU.Build.0 = Debug|Any CPU
		{477DFB60-30F1-4DCC-AD4B-5E215AAE85D7}.Release|Any CPU.ActiveCfg = Release|Any CPU
		{477DFB60-30F1-4DCC-AD4B-5E215AAE85D7}.Release|Any CPU.Build.0 = Release|Any CPU
		{ED1CD225-E24A-4D28-A9E3-15F8830AFF76}.Debug|Any CPU.ActiveCfg = Debug|Any CPU
		{ED1CD225-E24A-4D28-A9E3-15F8830AFF76}.Debug|Any CPU.Build.0 = Debug|Any CPU
		{ED1CD225-E24A-4D28-A9E3-15F8830AFF76}.Release|Any CPU.ActiveCfg = Release|Any CPU
		{ED1CD225-E24A-4D28-A9E3-15F8830AFF76}.Release|Any CPU.Build.0 = Release|Any CPU
	EndGlobalSection
	GlobalSection(SolutionProperties) = preSolution
		HideSolutionNode = FALSE
	EndGlobalSection
	GlobalSection(NestedProjects) = preSolution
		{7F5ADC81-C5F7-4B8A-8135-65C7F896D853} = {463D8BDD-641E-43EF-9D9E-C048E42E4F1D}
		{94C0A37A-6ED0-4B0A-B2FA-C528F3193A48} = {BF7B1805-A57C-4F1D-9D22-7861EF80637E}
		{645AD8BA-C033-4249-9AF0-F36DA5A799C1} = {BF7B1805-A57C-4F1D-9D22-7861EF80637E}
		{526A2B7F-35FB-4955-BE14-8C2C987A105D} = {BF7B1805-A57C-4F1D-9D22-7861EF80637E}
		{DA90FA76-A99E-4FDD-BEA2-90574EDDE42E} = {BF7B1805-A57C-4F1D-9D22-7861EF80637E}
		{80C9ED29-B5BE-4F2C-A3B7-4DD410F7EEA1} = {BF7B1805-A57C-4F1D-9D22-7861EF80637E}
		{D32BE05A-3366-4CFC-9FFA-B0D1DF1C4D43} = {BF7B1805-A57C-4F1D-9D22-7861EF80637E}
		{22A291BF-BF41-4FCE-9AC3-8CE120E51E9A} = {BF7B1805-A57C-4F1D-9D22-7861EF80637E}
		{477DFB60-30F1-4DCC-AD4B-5E215AAE85D7} = {21081424-D5F5-4371-B902-5E6100AF8B0E}
		{ED1CD225-E24A-4D28-A9E3-15F8830AFF76} = {21081424-D5F5-4371-B902-5E6100AF8B0E}
	EndGlobalSection
	GlobalSection(ExtensibilityGlobals) = postSolution
		SolutionGuid = {30B4E792-0A3D-4DCD-B6CF-1BB113ADA882}
	EndGlobalSection
EndGlobal
